
Microsoft Visual Studio Solution File, Format Version 12.00
# Visual Studio Version 17
VisualStudioVersion = 17.6.33723.286
MinimumVisualStudioVersion = 10.0.40219.1
Project("{9A19103F-16F7-4668-BE54-9A1E7A4F7556}") = "CustomerManagement", "CustomerManagement.csproj", "{9E72A1FF-1721-4138-9CF3-B56EE468B55E}"
EndProject
Project("{9A19103F-16F7-4668-BE54-9A1E7A4F7556}") = "Entities", "..\Entities\Entities.csproj", "{E3A215E0-06CC-42B5-8FD9-7B0D922BE325}"
EndProject
Project("{9A19103F-16F7-4668-BE54-9A1E7A4F7556}") = "Repositories", "..\Repositories\Repositories.csproj", "{FBF6F32B-8AB8-4BE6-B106-9189511239F3}"
EndProject
Project("{FAE04EC0-301F-11D3-BF4B-00C04F79EFBC}") = "Services", "..\Services\Services.csproj", "{1C7D19FF-700E-4060-8838-CBA89325C947}"
EndProject
Global
	GlobalSection(SolutionConfigurationPlatforms) = preSolution
		Debug|Any CPU = Debug|Any CPU
		Release|Any CPU = Release|Any CPU
	EndGlobalSection
	GlobalSection(ProjectConfigurationPlatforms) = postSolution
		{9E72A1FF-1721-4138-9CF3-B56EE468B55E}.Debug|Any CPU.ActiveCfg = Debug|Any CPU
		{9E72A1FF-1721-4138-9CF3-B56EE468B55E}.Debug|Any CPU.Build.0 = Debug|Any CPU
		{9E72A1FF-1721-4138-9CF3-B56EE468B55E}.Release|Any CPU.ActiveCfg = Release|Any CPU
		{9E72A1FF-1721-4138-9CF3-B56EE468B55E}.Release|Any CPU.Build.0 = Release|Any CPU
		{E3A215E0-06CC-42B5-8FD9-7B0D922BE325}.Debug|Any CPU.ActiveCfg = Debug|Any CPU
		{E3A215E0-06CC-42B5-8FD9-7B0D922BE325}.Debug|Any CPU.Build.0 = Debug|Any CPU
		{E3A215E0-06CC-42B5-8FD9-7B0D922BE325}.Release|Any CPU.ActiveCfg = Release|Any CPU
		{E3A215E0-06CC-42B5-8FD9-7B0D922BE325}.Release|Any CPU.Build.0 = Release|Any CPU
		{FBF6F32B-8AB8-4BE6-B106-9189511239F3}.Debug|Any CPU.ActiveCfg = Debug|Any CPU
		{FBF6F32B-8AB8-4BE6-B106-9189511239F3}.Debug|Any CPU.Build.0 = Debug|Any CPU
		{FBF6F32B-8AB8-4BE6-B106-9189511239F3}.Release|Any CPU.ActiveCfg = Release|Any CPU
		{FBF6F32B-8AB8-4BE6-B106-9189511239F3}.Release|Any CPU.Build.0 = Release|Any CPU
		{1C7D19FF-700E-4060-8838-CBA89325C947}.Debug|Any CPU.ActiveCfg = Debug|Any CPU
		{1C7D19FF-700E-4060-8838-CBA89325C947}.Debug|Any CPU.Build.0 = Debug|Any CPU
		{1C7D19FF-700E-4060-8838-CBA89325C947}.Release|Any CPU.ActiveCfg = Release|Any CPU
		{1C7D19FF-700E-4060-8838-CBA89325C947}.Release|Any CPU.Build.0 = Release|Any CPU
	EndGlobalSection
	GlobalSection(SolutionProperties) = preSolution
		HideSolutionNode = FALSE
	EndGlobalSection
	GlobalSection(ExtensibilityGlobals) = postSolution
		SolutionGuid = {D196C346-13B9-4E33-A13C-8ABB38BCBE5F}
	EndGlobalSection
EndGlobal
